
Microsoft Visual Studio Solution File, Format Version 12.00
# Visual Studio Version 17
VisualStudioVersion = 17.0.32802.463
MinimumVisualStudioVersion = 10.0.40219.1
Project("{9A19103F-16F7-4668-BE54-9A1E7A4F7556}") = "ConfigManagerUtils", "ConfigManagerUtils.csproj", "{D8292004-229A-439B-8496-BE2F9C3F9042}"
EndProject
Project("{9A19103F-16F7-4668-BE54-9A1E7A4F7556}") = "TestConsole", "..\TestConsole\TestConsole.csproj", "{6319A394-4E34-42F8-9BAC-AA78D4A3FFA3}"
EndProject
Global
	GlobalSection(SolutionConfigurationPlatforms) = preSolution
		Debug|Any CPU = Debug|Any CPU
		Debug|x64 = Debug|x64
		Release|Any CPU = Release|Any CPU
		Release|x64 = Release|x64
	EndGlobalSection
	GlobalSection(ProjectConfigurationPlatforms) = postSolution
		{D8292004-229A-439B-8496-BE2F9C3F9042}.Debug|Any CPU.ActiveCfg = Debug|Any CPU
		{D8292004-229A-439B-8496-BE2F9C3F9042}.Debug|Any CPU.Build.0 = Debug|Any CPU
		{D8292004-229A-439B-8496-BE2F9C3F9042}.Debug|x64.ActiveCfg = Debug|Any CPU
		{D8292004-229A-439B-8496-BE2F9C3F9042}.Debug|x64.Build.0 = Debug|Any CPU
		{D8292004-229A-439B-8496-BE2F9C3F9042}.Release|Any CPU.ActiveCfg = Release|Any CPU
		{D8292004-229A-439B-8496-BE2F9C3F9042}.Release|Any CPU.Build.0 = Release|Any CPU
		{D8292004-229A-439B-8496-BE2F9C3F9042}.Release|x64.ActiveCfg = Release|Any CPU
		{D8292004-229A-439B-8496-BE2F9C3F9042}.Release|x64.Build.0 = Release|Any CPU
		{6319A394-4E34-42F8-9BAC-AA78D4A3FFA3}.Debug|Any CPU.ActiveCfg = Debug|x64
		{6319A394-4E34-42F8-9BAC-AA78D4A3FFA3}.Debug|Any CPU.Build.0 = Debug|x64
		{6319A394-4E34-42F8-9BAC-AA78D4A3FFA3}.Debug|x64.ActiveCfg = Debug|x64
		{6319A394-4E34-42F8-9BAC-AA78D4A3FFA3}.Debug|x64.Build.0 = Debug|x64
		{6319A394-4E34-42F8-9BAC-AA78D4A3FFA3}.Release|Any CPU.ActiveCfg = Release|x64
		{6319A394-4E34-42F8-9BAC-AA78D4A3FFA3}.Release|Any CPU.Build.0 = Release|x64
		{6319A394-4E34-42F8-9BAC-AA78D4A3FFA3}.Release|x64.ActiveCfg = Release|x64
		{6319A394-4E34-42F8-9BAC-AA78D4A3FFA3}.Release|x64.Build.0 = Release|x64
	EndGlobalSection
	GlobalSection(SolutionProperties) = preSolution
		HideSolutionNode = FALSE
	EndGlobalSection
	GlobalSection(ExtensibilityGlobals) = postSolution
		SolutionGuid = {FFF10C19-BE61-45E0-96B8-40AE84E32457}
	EndGlobalSection
EndGlobal
